{
    "name": "@storknetwork/stork-evm-sdk",
    "version": "1.0.5",
    "lockfileVersion": 3,
    "requires": true,
    "packages": {
        "": {
            "name": "@storknetwork/stork-evm-sdk",
            "version": "1.0.5",
            "license": "Apache-2.0",
            "devDependencies": {
                "forge-std": "github:foundry-rs/forge-std#v1.9.4"
            }
        },
        "node_modules/forge-std": {
            "version": "1.9.4",
            "resolved": "git+ssh://git@github.com/foundry-rs/forge-std.git#1eea5bae12ae557d589f9f0f0edae2faa47cb262",
            "dev": true,
            "license": "(Apache-2.0 OR MIT)"
        }
    }
}
