# Generated by move; do not edit
# This file should be checked in.

[move]
version = 4

[pinned.testnet.AptosFramework]
source = { git = "https://github.com/aptos-labs/aptos-framework.git", subdir = "aptos-framework", rev = "3a9c084c7058bb5cf355b4562953284501ac688e" }
use_environment = "testnet"
manifest_digest = "C924A1DD72F654232DD8FEBC0AE13E18A1F36490C87823757CA499A11BA46ADB"
deps = { AptosStdlib = "AptosStdlib", MoveStdlib = "MoveStdlib_1" }

[pinned.testnet.AptosStdlib]
source = { git = "https://github.com/aptos-labs/aptos-framework.git", subdir = "aptos-stdlib", rev = "3a9c084c7058bb5cf355b4562953284501ac688e" }
use_environment = "testnet"
manifest_digest = "7AFB66695545775FBFBB2D3078ADFD084244D5002392E837FDE21D9EA1C6D01C"
deps = { MoveStdlib = "MoveStdlib_1" }

[pinned.testnet.MoveStdlib]
source = { git = "https://github.com/MystenLabs/sui.git", subdir = "crates/sui-framework/packages/move-stdlib", rev = "384b1c7ff289b32ed2664f29dc47dbc879fa43ee" }
use_environment = "testnet"
manifest_digest = "C4FE4C91DE74CBF223B2E380AE40F592177D21870DC2D7EB6227D2D694E05363"
deps = {}

[pinned.testnet.MoveStdlib_1]
source = { git = "https://github.com/aptos-labs/aptos-framework.git", subdir = "move-stdlib", rev = "3a9c084c7058bb5cf355b4562953284501ac688e" }
use_environment = "testnet"
manifest_digest = "C4FE4C91DE74CBF223B2E380AE40F592177D21870DC2D7EB6227D2D694E05363"
deps = {}

[pinned.testnet.Sui]
source = { git = "https://github.com/MystenLabs/sui.git", subdir = "crates/sui-framework/packages/sui-framework", rev = "384b1c7ff289b32ed2664f29dc47dbc879fa43ee" }
use_environment = "testnet"
manifest_digest = "7AFB66695545775FBFBB2D3078ADFD084244D5002392E837FDE21D9EA1C6D01C"
deps = { MoveStdlib = "MoveStdlib" }

[pinned.testnet.stork]
source = { root = true }
use_environment = "testnet"
manifest_digest = "5C8EC14003E95BA428323635C9B9EC059FE05B6BAB919B3FFB833DCF4286640E"
deps = { AptosFramework = "AptosFramework", std = "MoveStdlib", sui = "Sui" }
