{
  "name": "app",
  "version": "1.0.0",
  "lockfileVersion": 3,
  "requires": true,
  "packages": {
    "": {
      "name": "app",
      "version": "1.0.0",
      "license": "ISC",
      "dependencies": {
        "@cosmjs/cosmwasm-stargate": "^0.33.0",
        "keccak256": "^1.0.6"
      },
      "devDependencies": {
        "@types/node": "^22.12.0",
        "typescript": "^5.7.3"
      }
    },
    "node_modules/@cosmjs/amino": {
      "version": "0.33.0",
      "resolved": "https://registry.npmjs.org/@cosmjs/amino/-/amino-0.33.0.tgz",
      "integrity": "sha512-a4qnWGzuM2IrlkDTFQmU7bDd+wNIzyvfcRIZ43i00ZHvTEtrCcWopT94rIv/Zy6fdgkhQ3HWrsGVlIPDT/ibRw==",
      "license": "Apache-2.0",
      "dependencies": {
        "@cosmjs/crypto": "^0.33.0",
        "@cosmjs/encoding": "^0.33.0",
        "@cosmjs/math": "^0.33.0",
        "@cosmjs/utils": "^0.33.0"
      }
    },
    "node_modules/@cosmjs/cosmwasm-stargate": {
      "version": "0.33.0",
      "resolved": "https://registry.npmjs.org/@cosmjs/cosmwasm-stargate/-/cosmwasm-stargate-0.33.0.tgz",
      "integrity": "sha512-YJahXTLrfZ0evtSFcy5Aa4oorEAAHwe0ss6JVteiiNNDT7jHliONz5WOlg2/N7KLxoWCkVWcOpWJR4xZ/N3YEQ==",
      "license": "Apache-2.0",
      "dependencies": {
        "@cosmjs/amino": "^0.33.0",
        "@cosmjs/crypto": "^0.33.0",
        "@cosmjs/encoding": "^0.33.0",
        "@cosmjs/math": "^0.33.0",
        "@cosmjs/proto-signing": "^0.33.0",
        "@cosmjs/stargate": "^0.33.0",
        "@cosmjs/tendermint-rpc": "^0.33.0",
        "@cosmjs/utils": "^0.33.0",
        "cosmjs-types": "^0.9.0",
        "pako": "^2.0.2"
      }
    },
    "node_modules/@cosmjs/crypto": {
      "version": "0.33.0",
      "resolved": "https://registry.npmjs.org/@cosmjs/crypto/-/crypto-0.33.0.tgz",
      "integrity": "sha512-kkt06t+cFW2XRGDGUZ0cVf5yoQ2OhZnubwbYbz3QXdyhf1qOXYVPRThfFPsko7dssr+e8Yy4OJKlh5SLA8DXTQ==",
      "license": "Apache-2.0",
      "dependencies": {
        "@cosmjs/encoding": "^0.33.0",
        "@cosmjs/math": "^0.33.0",
        "@cosmjs/utils": "^0.33.0",
        "@noble/hashes": "^1",
        "bn.js": "^5.2.0",
        "elliptic": "^6.5.4",
        "libsodium-wrappers-sumo": "^0.7.11"
      }
    },
    "node_modules/@cosmjs/encoding": {
      "version": "0.33.0",
      "resolved": "https://registry.npmjs.org/@cosmjs/encoding/-/encoding-0.33.0.tgz",
      "integrity": "sha512-9z0g9mM7w5BISVVs8BK1Yp7KSQgNLGz2SBoWYOm4wODB/YcoitODgyRqECcuMZBXtd2sCyy2M1VLs9Z69BPZRQ==",
      "license": "Apache-2.0",
      "dependencies": {
        "base64-js": "^1.3.0",
        "bech32": "^1.1.4",
        "readonly-date": "^1.0.0"
      }
    },
    "node_modules/@cosmjs/json-rpc": {
      "version": "0.33.0",
      "resolved": "https://registry.npmjs.org/@cosmjs/json-rpc/-/json-rpc-0.33.0.tgz",
      "integrity": "sha512-okXjxnT3zhhuYrA1aIDVD8VHt3syWyrJw3cAY6tMNM53bQcAtLGImueMrEoyv7DtLg5R5Tx5PMrQ7UYnpD8OwQ==",
      "license": "Apache-2.0",
      "dependencies": {
        "@cosmjs/stream": "^0.33.0",
        "xstream": "^11.14.0"
      }
    },
    "node_modules/@cosmjs/math": {
      "version": "0.33.0",
      "resolved": "https://registry.npmjs.org/@cosmjs/math/-/math-0.33.0.tgz",
      "integrity": "sha512-B2uOgM12iuIhJWzGuAxGwO6zO+cI8Q4z7mVu7HgFrGJJTM1HtPTYgb55oMOuUN0OZ352MEEm5uAt8sA9jZQqbA==",
      "license": "Apache-2.0",
      "dependencies": {
        "bn.js": "^5.2.0"
      }
    },
    "node_modules/@cosmjs/proto-signing": {
      "version": "0.33.0",
      "resolved": "https://registry.npmjs.org/@cosmjs/proto-signing/-/proto-signing-0.33.0.tgz",
      "integrity": "sha512-UHA92d/Siy3wnce/xhU4iagKrs6r8Ruacc0qeHj3mNrtuUH8f70cD7lzzClzI7wvRLcPprOY0YTeEzqGbPeBFw==",
      "license": "Apache-2.0",
      "dependencies": {
        "@cosmjs/amino": "^0.33.0",
        "@cosmjs/crypto": "^0.33.0",
        "@cosmjs/encoding": "^0.33.0",
        "@cosmjs/math": "^0.33.0",
        "@cosmjs/utils": "^0.33.0",
        "cosmjs-types": "^0.9.0"
      }
    },
    "node_modules/@cosmjs/socket": {
      "version": "0.33.0",
      "resolved": "https://registry.npmjs.org/@cosmjs/socket/-/socket-0.33.0.tgz",
      "integrity": "sha512-a1eHsqVFmG6N5LR53tAB1Xo4XfsZaFlrYA34yC0GnX5m/cJVEe1wkZxMsWJIW2nfCgj7nAvFK6Gx4qj+ZLeqdw==",
      "license": "Apache-2.0",
      "dependencies": {
        "@cosmjs/stream": "^0.33.0",
        "isomorphic-ws": "^4.0.1",
        "ws": "^7",
        "xstream": "^11.14.0"
      }
    },
    "node_modules/@cosmjs/stargate": {
      "version": "0.33.0",
      "resolved": "https://registry.npmjs.org/@cosmjs/stargate/-/stargate-0.33.0.tgz",
      "integrity": "sha512-Ti/2RRl+LKTNUrOqj6TpGnTRcbmQ5zD4Ujx/PDNPHEexyuwbz+tMcF8Y1kKPWQ1g4wWxLYO4tKY4Gm0J3c5hWA==",
      "license": "Apache-2.0",
      "dependencies": {
        "@cosmjs/amino": "^0.33.0",
        "@cosmjs/encoding": "^0.33.0",
        "@cosmjs/math": "^0.33.0",
        "@cosmjs/proto-signing": "^0.33.0",
        "@cosmjs/stream": "^0.33.0",
        "@cosmjs/tendermint-rpc": "^0.33.0",
        "@cosmjs/utils": "^0.33.0",
        "cosmjs-types": "^0.9.0"
      }
    },
    "node_modules/@cosmjs/stream": {
      "version": "0.33.0",
      "resolved": "https://registry.npmjs.org/@cosmjs/stream/-/stream-0.33.0.tgz",
      "integrity": "sha512-SmsZW9Xzfk2T2MtWzVkit2WUclL7ZQHhiEhJz39EzKQRAdi4xY8nwefZF4VLQVJ0M33QfRCUzFzb+O/gddMQKA==",
      "license": "Apache-2.0",
      "dependencies": {
        "xstream": "^11.14.0"
      }
    },
    "node_modules/@cosmjs/tendermint-rpc": {
      "version": "0.33.0",
      "resolved": "https://registry.npmjs.org/@cosmjs/tendermint-rpc/-/tendermint-rpc-0.33.0.tgz",
      "integrity": "sha512-A5h72fYesFKSjMjB+AMD5thcVVcdfbmWj4atJ1CYmKGyCTCPW8iEIz1ZKR0mUX+gkW6dM1h8flaRj/R14Oc0/A==",
      "license": "Apache-2.0",
      "dependencies": {
        "@cosmjs/crypto": "^0.33.0",
        "@cosmjs/encoding": "^0.33.0",
        "@cosmjs/json-rpc": "^0.33.0",
        "@cosmjs/math": "^0.33.0",
        "@cosmjs/socket": "^0.33.0",
        "@cosmjs/stream": "^0.33.0",
        "@cosmjs/utils": "^0.33.0",
        "axios": "^1.6.0",
        "readonly-date": "^1.0.0",
        "xstream": "^11.14.0"
      }
    },
    "node_modules/@cosmjs/utils": {
      "version": "0.33.0",
      "resolved": "https://registry.npmjs.org/@cosmjs/utils/-/utils-0.33.0.tgz",
      "integrity": "sha512-Y6glwHNlNjcOgwPg8YmNr1PSrNm307EhJVytFt8HmA/G7MRcIA+jIzCL0VlOrWGU4TrAOXvshM+oJZbTIldFRA==",
      "license": "Apache-2.0"
    },
    "node_modules/@noble/hashes": {
      "version": "1.7.1",
      "resolved": "https://registry.npmjs.org/@noble/hashes/-/hashes-1.7.1.tgz",
      "integrity": "sha512-B8XBPsn4vT/KJAGqDzbwztd+6Yte3P4V7iafm24bxgDe/mlRuK6xmWPuCNrKt2vDafZ8MfJLlchDG/vYafQEjQ==",
      "license": "MIT",
      "engines": {
        "node": "^14.21.3 || >=16"
      },
      "funding": {
        "url": "https://paulmillr.com/funding/"
      }
    },
    "node_modules/@types/node": {
      "version": "22.12.0",
      "resolved": "https://registry.npmjs.org/@types/node/-/node-22.12.0.tgz",
      "integrity": "sha512-Fll2FZ1riMjNmlmJOdAyY5pUbkftXslB5DgEzlIuNaiWhXd00FhWxVC/r4yV/4wBb9JfImTu+jiSvXTkJ7F/gA==",
      "dev": true,
      "license": "MIT",
      "dependencies": {
        "undici-types": "~6.20.0"
      }
    },
    "node_modules/asynckit": {
      "version": "0.4.0",
      "resolved": "https://registry.npmjs.org/asynckit/-/asynckit-0.4.0.tgz",
      "integrity": "sha512-Oei9OH4tRh0YqU3GxhX79dM/mwVgvbZJaSNaRk+bshkj0S5cfHcgYakreBjrHwatXKbz+IoIdYLxrKim2MjW0Q==",
      "license": "MIT"
    },
    "node_modules/axios": {
      "version": "1.7.9",
      "resolved": "https://registry.npmjs.org/axios/-/axios-1.7.9.tgz",
      "integrity": "sha512-LhLcE7Hbiryz8oMDdDptSrWowmB4Bl6RCt6sIJKpRB4XtVf0iEgewX3au/pJqm+Py1kCASkb/FFKjxQaLtxJvw==",
      "license": "MIT",
      "dependencies": {
        "follow-redirects": "^1.15.6",
        "form-data": "^4.0.0",
        "proxy-from-env": "^1.1.0"
      }
    },
    "node_modules/base64-js": {
      "version": "1.5.1",
      "resolved": "https://registry.npmjs.org/base64-js/-/base64-js-1.5.1.tgz",
      "integrity": "sha512-AKpaYlHn8t4SVbOHCy+b5+KKgvR4vrsD8vbvrbiQJps7fKDTkjkDry6ji0rUJjC0kzbNePLwzxq8iypo41qeWA==",
      "funding": [
        {
          "type": "github",
          "url": "https://github.com/sponsors/feross"
        },
        {
          "type": "patreon",
          "url": "https://www.patreon.com/feross"
        },
        {
          "type": "consulting",
          "url": "https://feross.org/support"
        }
      ],
      "license": "MIT"
    },
    "node_modules/bech32": {
      "version": "1.1.4",
      "resolved": "https://registry.npmjs.org/bech32/-/bech32-1.1.4.tgz",
      "integrity": "sha512-s0IrSOzLlbvX7yp4WBfPITzpAU8sqQcpsmwXDiKwrG4r491vwCO/XpejasRNl0piBMe/DvP4Tz0mIS/X1DPJBQ==",
      "license": "MIT"
    },
    "node_modules/bn.js": {
      "version": "5.2.1",
      "resolved": "https://registry.npmjs.org/bn.js/-/bn.js-5.2.1.tgz",
      "integrity": "sha512-eXRvHzWyYPBuB4NBy0cmYQjGitUrtqwbvlzP3G6VFnNRbsZQIxQ10PbKKHt8gZ/HW/D/747aDl+QkDqg3KQLMQ==",
      "license": "MIT"
    },
    "node_modules/brorand": {
      "version": "1.1.0",
      "resolved": "https://registry.npmjs.org/brorand/-/brorand-1.1.0.tgz",
      "integrity": "sha512-cKV8tMCEpQs4hK/ik71d6LrPOnpkpGBR0wzxqr68g2m/LB2GxVYQroAjMJZRVM1Y4BCjCKc3vAamxSzOY2RP+w==",
      "license": "MIT"
    },
    "node_modules/buffer": {
      "version": "6.0.3",
      "resolved": "https://registry.npmjs.org/buffer/-/buffer-6.0.3.tgz",
      "integrity": "sha512-FTiCpNxtwiZZHEZbcbTIcZjERVICn9yq/pDFkTl95/AxzD1naBctN7YO68riM/gLSDY7sdrMby8hofADYuuqOA==",
      "funding": [
        {
          "type": "github",
          "url": "https://github.com/sponsors/feross"
        },
        {
          "type": "patreon",
          "url": "https://www.patreon.com/feross"
        },
        {
          "type": "consulting",
          "url": "https://feross.org/support"
        }
      ],
      "license": "MIT",
      "dependencies": {
        "base64-js": "^1.3.1",
        "ieee754": "^1.2.1"
      }
    },
    "node_modules/combined-stream": {
      "version": "1.0.8",
      "resolved": "https://registry.npmjs.org/combined-stream/-/combined-stream-1.0.8.tgz",
      "integrity": "sha512-FQN4MRfuJeHf7cBbBMJFXhKSDq+2kAArBlmRBvcvFE5BB1HZKXtSFASDhdlz9zOYwxh8lDdnvmMOe/+5cdoEdg==",
      "license": "MIT",
      "dependencies": {
        "delayed-stream": "~1.0.0"
      },
      "engines": {
        "node": ">= 0.8"
      }
    },
    "node_modules/cosmjs-types": {
      "version": "0.9.0",
      "resolved": "https://registry.npmjs.org/cosmjs-types/-/cosmjs-types-0.9.0.tgz",
      "integrity": "sha512-MN/yUe6mkJwHnCFfsNPeCfXVhyxHYW6c/xDUzrSbBycYzw++XvWDMJArXp2pLdgD6FQ8DW79vkPjeNKVrXaHeQ==",
      "license": "Apache-2.0"
    },
    "node_modules/define-data-property": {
      "version": "1.1.4",
      "resolved": "https://registry.npmjs.org/define-data-property/-/define-data-property-1.1.4.tgz",
      "integrity": "sha512-rBMvIzlpA8v6E+SJZoo++HAYqsLrkg7MSfIinMPFhmkorw7X+dOXVJQs+QT69zGkzMyfDnIMN2Wid1+NbL3T+A==",
      "license": "MIT",
      "dependencies": {
        "es-define-property": "^1.0.0",
        "es-errors": "^1.3.0",
        "gopd": "^1.0.1"
      },
      "engines": {
        "node": ">= 0.4"
      },
      "funding": {
        "url": "https://github.com/sponsors/ljharb"
      }
    },
    "node_modules/define-properties": {
      "version": "1.2.1",
      "resolved": "https://registry.npmjs.org/define-properties/-/define-properties-1.2.1.tgz",
      "integrity": "sha512-8QmQKqEASLd5nx0U1B1okLElbUuuttJ/AnYmRXbbbGDWh6uS208EjD4Xqq/I9wK7u0v6O08XhTWnt5XtEbR6Dg==",
      "license": "MIT",
      "dependencies": {
        "define-data-property": "^1.0.1",
        "has-property-descriptors": "^1.0.0",
        "object-keys": "^1.1.1"
      },
      "engines": {
        "node": ">= 0.4"
      },
      "funding": {
        "url": "https://github.com/sponsors/ljharb"
      }
    },
    "node_modules/delayed-stream": {
      "version": "1.0.0",
      "resolved": "https://registry.npmjs.org/delayed-stream/-/delayed-stream-1.0.0.tgz",
      "integrity": "sha512-ZySD7Nf91aLB0RxL4KGrKHBXl7Eds1DAmEdcoVawXnLD7SDhpNgtuII2aAkg7a7QS41jxPSZ17p4VdGnMHk3MQ==",
      "license": "MIT",
      "engines": {
        "node": ">=0.4.0"
      }
    },
    "node_modules/elliptic": {
      "version": "6.6.1",
      "resolved": "https://registry.npmjs.org/elliptic/-/elliptic-6.6.1.tgz",
      "integrity": "sha512-RaddvvMatK2LJHqFJ+YA4WysVN5Ita9E35botqIYspQ4TkRAlCicdzKOjlyv/1Za5RyTNn7di//eEV0uTAfe3g==",
      "license": "MIT",
      "dependencies": {
        "bn.js": "^4.11.9",
        "brorand": "^1.1.0",
        "hash.js": "^1.0.0",
        "hmac-drbg": "^1.0.1",
        "inherits": "^2.0.4",
        "minimalistic-assert": "^1.0.1",
        "minimalistic-crypto-utils": "^1.0.1"
      }
    },
    "node_modules/elliptic/node_modules/bn.js": {
      "version": "4.12.1",
      "resolved": "https://registry.npmjs.org/bn.js/-/bn.js-4.12.1.tgz",
      "integrity": "sha512-k8TVBiPkPJT9uHLdOKfFpqcfprwBFOAAXXozRubr7R7PfIuKvQlzcI4M0pALeqXN09vdaMbUdUj+pass+uULAg==",
      "license": "MIT"
    },
    "node_modules/es-define-property": {
      "version": "1.0.1",
      "resolved": "https://registry.npmjs.org/es-define-property/-/es-define-property-1.0.1.tgz",
      "integrity": "sha512-e3nRfgfUZ4rNGL232gUgX06QNyyez04KdjFrF+LTRoOXmrOgFKDg4BCdsjW8EnT69eqdYGmRpJwiPVYNrCaW3g==",
      "license": "MIT",
      "engines": {
        "node": ">= 0.4"
      }
    },
    "node_modules/es-errors": {
      "version": "1.3.0",
      "resolved": "https://registry.npmjs.org/es-errors/-/es-errors-1.3.0.tgz",
      "integrity": "sha512-Zf5H2Kxt2xjTvbJvP2ZWLEICxA6j+hAmMzIlypy4xcBg1vKVnx89Wy0GbS+kf5cwCVFFzdCFh2XSCFNULS6csw==",
      "license": "MIT",
      "engines": {
        "node": ">= 0.4"
      }
    },
    "node_modules/follow-redirects": {
      "version": "1.15.9",
      "resolved": "https://registry.npmjs.org/follow-redirects/-/follow-redirects-1.15.9.tgz",
      "integrity": "sha512-gew4GsXizNgdoRyqmyfMHyAmXsZDk6mHkSxZFCzW9gwlbtOW44CDtYavM+y+72qD/Vq2l550kMF52DT8fOLJqQ==",
      "funding": [
        {
          "type": "individual",
          "url": "https://github.com/sponsors/RubenVerborgh"
        }
      ],
      "license": "MIT",
      "engines": {
        "node": ">=4.0"
      },
      "peerDependenciesMeta": {
        "debug": {
          "optional": true
        }
      }
    },
    "node_modules/form-data": {
      "version": "4.0.1",
      "resolved": "https://registry.npmjs.org/form-data/-/form-data-4.0.1.tgz",
      "integrity": "sha512-tzN8e4TX8+kkxGPK8D5u0FNmjPUjw3lwC9lSLxxoB/+GtsJG91CO8bSWy73APlgAZzZbXEYZJuxjkHH2w+Ezhw==",
      "license": "MIT",
      "dependencies": {
        "asynckit": "^0.4.0",
        "combined-stream": "^1.0.8",
        "mime-types": "^2.1.12"
      },
      "engines": {
        "node": ">= 6"
      }
    },
    "node_modules/globalthis": {
      "version": "1.0.4",
      "resolved": "https://registry.npmjs.org/globalthis/-/globalthis-1.0.4.tgz",
      "integrity": "sha512-DpLKbNU4WylpxJykQujfCcwYWiV/Jhm50Goo0wrVILAv5jOr9d+H+UR3PhSCD2rCCEIg0uc+G+muBTwD54JhDQ==",
      "license": "MIT",
      "dependencies": {
        "define-properties": "^1.2.1",
        "gopd": "^1.0.1"
      },
      "engines": {
        "node": ">= 0.4"
      },
      "funding": {
        "url": "https://github.com/sponsors/ljharb"
      }
    },
    "node_modules/gopd": {
      "version": "1.2.0",
      "resolved": "https://registry.npmjs.org/gopd/-/gopd-1.2.0.tgz",
      "integrity": "sha512-ZUKRh6/kUFoAiTAtTYPZJ3hw9wNxx+BIBOijnlG9PnrJsCcSjs1wyyD6vJpaYtgnzDrKYRSqf3OO6Rfa93xsRg==",
      "license": "MIT",
      "engines": {
        "node": ">= 0.4"
      },
      "funding": {
        "url": "https://github.com/sponsors/ljharb"
      }
    },
    "node_modules/has-property-descriptors": {
      "version": "1.0.2",
      "resolved": "https://registry.npmjs.org/has-property-descriptors/-/has-property-descriptors-1.0.2.tgz",
      "integrity": "sha512-55JNKuIW+vq4Ke1BjOTjM2YctQIvCT7GFzHwmfZPGo5wnrgkid0YQtnAleFSqumZm4az3n2BS+erby5ipJdgrg==",
      "license": "MIT",
      "dependencies": {
        "es-define-property": "^1.0.0"
      },
      "funding": {
        "url": "https://github.com/sponsors/ljharb"
      }
    },
    "node_modules/hash.js": {
      "version": "1.1.7",
      "resolved": "https://registry.npmjs.org/hash.js/-/hash.js-1.1.7.tgz",
      "integrity": "sha512-taOaskGt4z4SOANNseOviYDvjEJinIkRgmp7LbKP2YTTmVxWBl87s/uzK9r+44BclBSp2X7K1hqeNfz9JbBeXA==",
      "license": "MIT",
      "dependencies": {
        "inherits": "^2.0.3",
        "minimalistic-assert": "^1.0.1"
      }
    },
    "node_modules/hmac-drbg": {
      "version": "1.0.1",
      "resolved": "https://registry.npmjs.org/hmac-drbg/-/hmac-drbg-1.0.1.tgz",
      "integrity": "sha512-Tti3gMqLdZfhOQY1Mzf/AanLiqh1WTiJgEj26ZuYQ9fbkLomzGchCws4FyrSd4VkpBfiNhaE1On+lOz894jvXg==",
      "license": "MIT",
      "dependencies": {
        "hash.js": "^1.0.3",
        "minimalistic-assert": "^1.0.0",
        "minimalistic-crypto-utils": "^1.0.1"
      }
    },
    "node_modules/ieee754": {
      "version": "1.2.1",
      "resolved": "https://registry.npmjs.org/ieee754/-/ieee754-1.2.1.tgz",
      "integrity": "sha512-dcyqhDvX1C46lXZcVqCpK+FtMRQVdIMN6/Df5js2zouUsqG7I6sFxitIC+7KYK29KdXOLHdu9zL4sFnoVQnqaA==",
      "funding": [
        {
          "type": "github",
          "url": "https://github.com/sponsors/feross"
        },
        {
          "type": "patreon",
          "url": "https://www.patreon.com/feross"
        },
        {
          "type": "consulting",
          "url": "https://feross.org/support"
        }
      ],
      "license": "BSD-3-Clause"
    },
    "node_modules/inherits": {
      "version": "2.0.4",
      "resolved": "https://registry.npmjs.org/inherits/-/inherits-2.0.4.tgz",
      "integrity": "sha512-k/vGaX4/Yla3WzyMCvTQOXYeIHvqOKtnqBduzTHpzpQZzAskKMhZ2K+EnBiSM9zGSoIFeMpXKxa4dYeZIQqewQ==",
      "license": "ISC"
    },
    "node_modules/isomorphic-ws": {
      "version": "4.0.1",
      "resolved": "https://registry.npmjs.org/isomorphic-ws/-/isomorphic-ws-4.0.1.tgz",
      "integrity": "sha512-BhBvN2MBpWTaSHdWRb/bwdZJ1WaehQ2L1KngkCkfLUGF0mAWAT1sQUQacEmQ0jXkFw/czDXPNQSL5u2/Krsz1w==",
      "license": "MIT",
      "peerDependencies": {
        "ws": "*"
      }
    },
    "node_modules/keccak": {
      "version": "3.0.4",
      "resolved": "https://registry.npmjs.org/keccak/-/keccak-3.0.4.tgz",
      "integrity": "sha512-3vKuW0jV8J3XNTzvfyicFR5qvxrSAGl7KIhvgOu5cmWwM7tZRj3fMbj/pfIf4be7aznbc+prBWGjywox/g2Y6Q==",
      "hasInstallScript": true,
      "license": "MIT",
      "dependencies": {
        "node-addon-api": "^2.0.0",
        "node-gyp-build": "^4.2.0",
        "readable-stream": "^3.6.0"
      },
      "engines": {
        "node": ">=10.0.0"
      }
    },
    "node_modules/keccak256": {
      "version": "1.0.6",
      "resolved": "https://registry.npmjs.org/keccak256/-/keccak256-1.0.6.tgz",
      "integrity": "sha512-8GLiM01PkdJVGUhR1e6M/AvWnSqYS0HaERI+K/QtStGDGlSTx2B1zTqZk4Zlqu5TxHJNTxWAdP9Y+WI50OApUw==",
      "license": "MIT",
      "dependencies": {
        "bn.js": "^5.2.0",
        "buffer": "^6.0.3",
        "keccak": "^3.0.2"
      }
    },
    "node_modules/libsodium-sumo": {
      "version": "0.7.15",
      "resolved": "https://registry.npmjs.org/libsodium-sumo/-/libsodium-sumo-0.7.15.tgz",
      "integrity": "sha512-5tPmqPmq8T8Nikpm1Nqj0hBHvsLFCXvdhBFV7SGOitQPZAA6jso8XoL0r4L7vmfKXr486fiQInvErHtEvizFMw==",
      "license": "ISC"
    },
    "node_modules/libsodium-wrappers-sumo": {
      "version": "0.7.15",
      "resolved": "https://registry.npmjs.org/libsodium-wrappers-sumo/-/libsodium-wrappers-sumo-0.7.15.tgz",
      "integrity": "sha512-aSWY8wKDZh5TC7rMvEdTHoyppVq/1dTSAeAR7H6pzd6QRT3vQWcT5pGwCotLcpPEOLXX6VvqihSPkpEhYAjANA==",
      "license": "ISC",
      "dependencies": {
        "libsodium-sumo": "^0.7.15"
      }
    },
    "node_modules/mime-db": {
      "version": "1.52.0",
      "resolved": "https://registry.npmjs.org/mime-db/-/mime-db-1.52.0.tgz",
      "integrity": "sha512-sPU4uV7dYlvtWJxwwxHD0PuihVNiE7TyAbQ5SWxDCB9mUYvOgroQOwYQQOKPJ8CIbE+1ETVlOoK1UC2nU3gYvg==",
      "license": "MIT",
      "engines": {
        "node": ">= 0.6"
      }
    },
    "node_modules/mime-types": {
      "version": "2.1.35",
      "resolved": "https://registry.npmjs.org/mime-types/-/mime-types-2.1.35.tgz",
      "integrity": "sha512-ZDY+bPm5zTTF+YpCrAU9nK0UgICYPT0QtT1NZWFv4s++TNkcgVaT0g6+4R2uI4MjQjzysHB1zxuWL50hzaeXiw==",
      "license": "MIT",
      "dependencies": {
        "mime-db": "1.52.0"
      },
      "engines": {
        "node": ">= 0.6"
      }
    },
    "node_modules/minimalistic-assert": {
      "version": "1.0.1",
      "resolved": "https://registry.npmjs.org/minimalistic-assert/-/minimalistic-assert-1.0.1.tgz",
      "integrity": "sha512-UtJcAD4yEaGtjPezWuO9wC4nwUnVH/8/Im3yEHQP4b67cXlD/Qr9hdITCU1xDbSEXg2XKNaP8jsReV7vQd00/A==",
      "license": "ISC"
    },
    "node_modules/minimalistic-crypto-utils": {
      "version": "1.0.1",
      "resolved": "https://registry.npmjs.org/minimalistic-crypto-utils/-/minimalistic-crypto-utils-1.0.1.tgz",
      "integrity": "sha512-JIYlbt6g8i5jKfJ3xz7rF0LXmv2TkDxBLUkiBeZ7bAx4GnnNMr8xFpGnOxn6GhTEHx3SjRrZEoU+j04prX1ktg==",
      "license": "MIT"
    },
    "node_modules/node-addon-api": {
      "version": "2.0.2",
      "resolved": "https://registry.npmjs.org/node-addon-api/-/node-addon-api-2.0.2.tgz",
      "integrity": "sha512-Ntyt4AIXyaLIuMHF6IOoTakB3K+RWxwtsHNRxllEoA6vPwP9o4866g6YWDLUdnucilZhmkxiHwHr11gAENw+QA==",
      "license": "MIT"
    },
    "node_modules/node-gyp-build": {
      "version": "4.8.4",
      "resolved": "https://registry.npmjs.org/node-gyp-build/-/node-gyp-build-4.8.4.tgz",
      "integrity": "sha512-LA4ZjwlnUblHVgq0oBF3Jl/6h/Nvs5fzBLwdEF4nuxnFdsfajde4WfxtJr3CaiH+F6ewcIB/q4jQ4UzPyid+CQ==",
      "license": "MIT",
      "bin": {
        "node-gyp-build": "bin.js",
        "node-gyp-build-optional": "optional.js",
        "node-gyp-build-test": "build-test.js"
      }
    },
    "node_modules/object-keys": {
      "version": "1.1.1",
      "resolved": "https://registry.npmjs.org/object-keys/-/object-keys-1.1.1.tgz",
      "integrity": "sha512-NuAESUOUMrlIXOfHKzD6bpPu3tYt3xvjNdRIQ+FeT0lNb4K8WR70CaDxhuNguS2XG+GjkyMwOzsN5ZktImfhLA==",
      "license": "MIT",
      "engines": {
        "node": ">= 0.4"
      }
    },
    "node_modules/pako": {
      "version": "2.1.0",
      "resolved": "https://registry.npmjs.org/pako/-/pako-2.1.0.tgz",
      "integrity": "sha512-w+eufiZ1WuJYgPXbV/PO3NCMEc3xqylkKHzp8bxp1uW4qaSNQUkwmLLEc3kKsfz8lpV1F8Ht3U1Cm+9Srog2ug==",
      "license": "(MIT AND Zlib)"
    },
    "node_modules/proxy-from-env": {
      "version": "1.1.0",
      "resolved": "https://registry.npmjs.org/proxy-from-env/-/proxy-from-env-1.1.0.tgz",
      "integrity": "sha512-D+zkORCbA9f1tdWRK0RaCR3GPv50cMxcrz4X8k5LTSUD1Dkw47mKJEZQNunItRTkWwgtaUSo1RVFRIG9ZXiFYg==",
      "license": "MIT"
    },
    "node_modules/readable-stream": {
      "version": "3.6.2",
      "resolved": "https://registry.npmjs.org/readable-stream/-/readable-stream-3.6.2.tgz",
      "integrity": "sha512-9u/sniCrY3D5WdsERHzHE4G2YCXqoG5FTHUiCC4SIbr6XcLZBY05ya9EKjYek9O5xOAwjGq+1JdGBAS7Q9ScoA==",
      "license": "MIT",
      "dependencies": {
        "inherits": "^2.0.3",
        "string_decoder": "^1.1.1",
        "util-deprecate": "^1.0.1"
      },
      "engines": {
        "node": ">= 6"
      }
    },
    "node_modules/readonly-date": {
      "version": "1.0.0",
      "resolved": "https://registry.npmjs.org/readonly-date/-/readonly-date-1.0.0.tgz",
      "integrity": "sha512-tMKIV7hlk0h4mO3JTmmVuIlJVXjKk3Sep9Bf5OH0O+758ruuVkUy2J9SttDLm91IEX/WHlXPSpxMGjPj4beMIQ==",
      "license": "Apache-2.0"
    },
    "node_modules/safe-buffer": {
      "version": "5.2.1",
      "resolved": "https://registry.npmjs.org/safe-buffer/-/safe-buffer-5.2.1.tgz",
      "integrity": "sha512-rp3So07KcdmmKbGvgaNxQSJr7bGVSVk5S9Eq1F+ppbRo70+YeaDxkw5Dd8NPN+GD6bjnYm2VuPuCXmpuYvmCXQ==",
      "funding": [
        {
          "type": "github",
          "url": "https://github.com/sponsors/feross"
        },
        {
          "type": "patreon",
          "url": "https://www.patreon.com/feross"
        },
        {
          "type": "consulting",
          "url": "https://feross.org/support"
        }
      ],
      "license": "MIT"
    },
    "node_modules/string_decoder": {
      "version": "1.3.0",
      "resolved": "https://registry.npmjs.org/string_decoder/-/string_decoder-1.3.0.tgz",
      "integrity": "sha512-hkRX8U1WjJFd8LsDJ2yQ/wWWxaopEsABU1XfkM8A+j0+85JAGppt16cr1Whg6KIbb4okU6Mql6BOj+uup/wKeA==",
      "license": "MIT",
      "dependencies": {
        "safe-buffer": "~5.2.0"
      }
    },
    "node_modules/symbol-observable": {
      "version": "2.0.3",
      "resolved": "https://registry.npmjs.org/symbol-observable/-/symbol-observable-2.0.3.tgz",
      "integrity": "sha512-sQV7phh2WCYAn81oAkakC5qjq2Ml0g8ozqz03wOGnx9dDlG1de6yrF+0RAzSJD8fPUow3PTSMf2SAbOGxb93BA==",
      "license": "MIT",
      "engines": {
        "node": ">=0.10"
      }
    },
    "node_modules/typescript": {
      "version": "5.7.3",
      "resolved": "https://registry.npmjs.org/typescript/-/typescript-5.7.3.tgz",
      "integrity": "sha512-84MVSjMEHP+FQRPy3pX9sTVV/INIex71s9TL2Gm5FG/WG1SqXeKyZ0k7/blY/4FdOzI12CBy1vGc4og/eus0fw==",
      "dev": true,
      "license": "Apache-2.0",
      "bin": {
        "tsc": "bin/tsc",
        "tsserver": "bin/tsserver"
      },
      "engines": {
        "node": ">=14.17"
      }
    },
    "node_modules/undici-types": {
      "version": "6.20.0",
      "resolved": "https://registry.npmjs.org/undici-types/-/undici-types-6.20.0.tgz",
      "integrity": "sha512-Ny6QZ2Nju20vw1SRHe3d9jVu6gJ+4e3+MMpqu7pqE5HT6WsTSlce++GQmK5UXS8mzV8DSYHrQH+Xrf2jVcuKNg==",
      "dev": true,
      "license": "MIT"
    },
    "node_modules/util-deprecate": {
      "version": "1.0.2",
      "resolved": "https://registry.npmjs.org/util-deprecate/-/util-deprecate-1.0.2.tgz",
      "integrity": "sha512-EPD5q1uXyFxJpCrLnCc1nHnq3gOa6DZBocAIiI2TaSCA7VCJ1UJDMagCzIkXNsUYfD1daK//LTEQ8xiIbrHtcw==",
      "license": "MIT"
    },
    "node_modules/ws": {
      "version": "7.5.10",
      "resolved": "https://registry.npmjs.org/ws/-/ws-7.5.10.tgz",
      "integrity": "sha512-+dbF1tHwZpXcbOJdVOkzLDxZP1ailvSxM6ZweXTegylPny803bFhA+vqBYw4s31NSAk4S2Qz+AKXK9a4wkdjcQ==",
      "license": "MIT",
      "engines": {
        "node": ">=8.3.0"
      },
      "peerDependencies": {
        "bufferutil": "^4.0.1",
        "utf-8-validate": "^5.0.2"
      },
      "peerDependenciesMeta": {
        "bufferutil": {
          "optional": true
        },
        "utf-8-validate": {
          "optional": true
        }
      }
    },
    "node_modules/xstream": {
      "version": "11.14.0",
      "resolved": "https://registry.npmjs.org/xstream/-/xstream-11.14.0.tgz",
      "integrity": "sha512-1bLb+kKKtKPbgTK6i/BaoAn03g47PpFstlbe1BA+y3pNS/LfvcaghS5BFf9+EE1J+KwSQsEpfJvFN5GqFtiNmw==",
      "license": "MIT",
      "dependencies": {
        "globalthis": "^1.0.1",
        "symbol-observable": "^2.0.3"
      }
    }
  }
}
