# @generated by Move, please check-in and do not edit manually.

[move]
version = 3
manifest_digest = "019223ABE5C032A4DC6F86E06619207D10DA66B8D41926682599E1BCB3A26C91"
deps_digest = "F8BBB0CCB2491CA29A3DF03D6F92277A4F3574266507ACD77214D37ECA3F3082"
dependencies = [
  { id = "Sui", name = "Sui" },
]

[[move.package]]
id = "MoveStdlib"
source = { git = "https://github.com/MystenLabs/sui.git", rev = "framework/testnet", subdir = "crates/sui-framework/packages/move-stdlib" }

[[move.package]]
id = "Sui"
source = { git = "https://github.com/MystenLabs/sui.git", rev = "framework/testnet", subdir = "crates/sui-framework/packages/sui-framework" }

dependencies = [
  { id = "MoveStdlib", name = "MoveStdlib" },
]

[move.toolchain-version]
compiler-version = "1.37.2"
edition = "2024.beta"
flavor = "sui"

[env]

[env.local]
chain-id = "92edf7d8"
original-published-id = "0x0351d248a25943018dc03ef841f156440110a8faec0a1b36d65219c5f0b49179"
latest-published-id = "0x0351d248a25943018dc03ef841f156440110a8faec0a1b36d65219c5f0b49179"
published-version = "1"

[env.devnet]
chain-id = "54f83c42"
original-published-id = "0xbf21d3df97646bd028e99b8917de19d44a15649a262f2052ed036eaac241bfbf"
latest-published-id = "0xbf21d3df97646bd028e99b8917de19d44a15649a262f2052ed036eaac241bfbf"
published-version = "1"

[env.testnet]
chain-id = "4c78adac"
original-published-id = "0xd93ca13857c7718f6f3613f7ae1fbcae4bd9d8015e6f608b001ef16765ed6bac"
latest-published-id = "0xd93ca13857c7718f6f3613f7ae1fbcae4bd9d8015e6f608b001ef16765ed6bac"
published-version = "1"
