{
    "name": "@storknetwork/first-party-stork-evm-sdk",
    "version": "1.5.1",
    "lockfileVersion": 3,
    "requires": true,
    "packages": {
        "": {
            "name": "@storknetwork/first-party-stork-evm-sdk",
            "version": "1.5.1",
            "license": "Apache-2.0",
            "dependencies": {
                "@storknetwork/stork-evm-sdk": "^1.0.0"
            }
        },
        "node_modules/@storknetwork/stork-evm-sdk": {
            "version": "1.0.0",
            "resolved": "https://registry.npmjs.org/@storknetwork/stork-evm-sdk/-/stork-evm-sdk-1.0.0.tgz",
            "integrity": "sha512-pawoJdv3WtaOcAp4f0ruHa3lP1mQsol2xSWcJP2DH+tlywey26pIz+RgdGBabGAacFQv8AM7FF8y62hyJH4xPw==",
            "license": "Apache-2.0"
        }
    }
}
