{
    "name": "@storknetwork/first-party-stork-evm-sdk",
    "version": "1.0.0",
    "lockfileVersion": 3,
    "requires": true,
    "packages": {
        "": {
            "name": "@storknetwork/first-party-stork-evm-sdk",
            "version": "1.0.0",
            "license": "Apache-2.0"
        }
    }
}
