# Code generated by scarb DO NOT EDIT.
version = 1

[[package]]
name = "snforge_scarb_plugin"
version = "0.54.1"
source = "registry+https://scarbs.xyz/"
checksum = "sha256:5c754ba8c262633e60c2cd06710cb96604c8bf20595fe60965013fedd8a55df9"

[[package]]
name = "snforge_std"
version = "0.54.1"
source = "registry+https://scarbs.xyz/"
checksum = "sha256:e0532e6149ffc580e282d0774404e512a6814d477cd65529b91d5a09ac6e07d6"
dependencies = [
 "snforge_scarb_plugin",
]

[[package]]
name = "stork"
version = "0.1.0"
dependencies = [
 "stork_starknet_sdk",
]

[[package]]
name = "stork_example"
version = "0.1.0"
dependencies = [
 "snforge_std",
 "stork",
 "stork_starknet_sdk",
]

[[package]]
name = "stork_starknet_sdk"
version = "1.0.0"
